
Microsoft Visual Studio Solution File, Format Version 12.00
# Visual Studio Version 16
VisualStudioVersion = 16.0.29806.167
MinimumVisualStudioVersion = 10.0.40219.1
Project("{9A19103F-16F7-4668-BE54-9A1E7A4F7556}") = "SkillFunctionalTests", "Tests\SkillFunctionalTests\SkillFunctionalTests.csproj", "{DE0231D9-A9BE-4D4C-A830-7ADCF28EA5D6}"
EndProject
Project("{9A19103F-16F7-4668-BE54-9A1E7A4F7556}") = "TranscriptTestRunner", "Libraries\TranscriptTestRunner\TranscriptTestRunner.csproj", "{65C3A2E0-FDC5-4132-9980-3BAE230E9F2E}"
EndProject
Project("{2150E333-8FDC-42A3-9474-1A3956D46DE8}") = "Solution Items", "Solution Items", "{BCBFF5A2-F2CD-4F82-BCD1-ED8E7950D82F}"
	ProjectSection(SolutionItems) = preProject
		.editorconfig = .editorconfig
		BotFramework-FunctionalTests.ruleset = BotFramework-FunctionalTests.ruleset
		Directory.Build.props = Directory.Build.props
	EndProjectSection
EndProject
Project("{9A19103F-16F7-4668-BE54-9A1E7A4F7556}") = "TranscriptConverter", "Libraries\TranscriptConverter\TranscriptConverter.csproj", "{EF963904-79CB-4222-811A-E24B73E5DC1A}"
EndProject
Project("{2150E333-8FDC-42A3-9474-1A3956D46DE8}") = "Libraries", "Libraries", "{B5E35C94-0880-4AEB-8F3C-940FECA7A8C7}"
EndProject
Project("{2150E333-8FDC-42A3-9474-1A3956D46DE8}") = "Tests", "Tests", "{5A0C68F1-6CA7-43D7-8F01-70A484D8D412}"
EndProject
Project("{9A19103F-16F7-4668-BE54-9A1E7A4F7556}") = "TranscriptTestRunnerTests", "Tests\TranscriptTestRunnerTests\TranscriptTestRunnerTests.csproj", "{5CAE9F80-9BD3-480C-8504-552B31B265E0}"
EndProject
Global
	GlobalSection(SolutionConfigurationPlatforms) = preSolution
		Debug|Any CPU = Debug|Any CPU
		Release|Any CPU = Release|Any CPU
	EndGlobalSection
	GlobalSection(ProjectConfigurationPlatforms) = postSolution
		{DE0231D9-A9BE-4D4C-A830-7ADCF28EA5D6}.Debug|Any CPU.ActiveCfg = Debug|Any CPU
		{DE0231D9-A9BE-4D4C-A830-7ADCF28EA5D6}.Debug|Any CPU.Build.0 = Debug|Any CPU
		{DE0231D9-A9BE-4D4C-A830-7ADCF28EA5D6}.Release|Any CPU.ActiveCfg = Release|Any CPU
		{DE0231D9-A9BE-4D4C-A830-7ADCF28EA5D6}.Release|Any CPU.Build.0 = Release|Any CPU
		{65C3A2E0-FDC5-4132-9980-3BAE230E9F2E}.Debug|Any CPU.ActiveCfg = Debug|Any CPU
		{65C3A2E0-FDC5-4132-9980-3BAE230E9F2E}.Debug|Any CPU.Build.0 = Debug|Any CPU
		{65C3A2E0-FDC5-4132-9980-3BAE230E9F2E}.Release|Any CPU.ActiveCfg = Release|Any CPU
		{65C3A2E0-FDC5-4132-9980-3BAE230E9F2E}.Release|Any CPU.Build.0 = Release|Any CPU
		{EF963904-79CB-4222-811A-E24B73E5DC1A}.Debug|Any CPU.ActiveCfg = Debug|Any CPU
		{EF963904-79CB-4222-811A-E24B73E5DC1A}.Debug|Any CPU.Build.0 = Debug|Any CPU
		{EF963904-79CB-4222-811A-E24B73E5DC1A}.Release|Any CPU.ActiveCfg = Release|Any CPU
		{EF963904-79CB-4222-811A-E24B73E5DC1A}.Release|Any CPU.Build.0 = Release|Any CPU
		{5CAE9F80-9BD3-480C-8504-552B31B265E0}.Debug|Any CPU.ActiveCfg = Debug|Any CPU
		{5CAE9F80-9BD3-480C-8504-552B31B265E0}.Debug|Any CPU.Build.0 = Debug|Any CPU
		{5CAE9F80-9BD3-480C-8504-552B31B265E0}.Release|Any CPU.ActiveCfg = Release|Any CPU
		{5CAE9F80-9BD3-480C-8504-552B31B265E0}.Release|Any CPU.Build.0 = Release|Any CPU
	EndGlobalSection
	GlobalSection(SolutionProperties) = preSolution
		HideSolutionNode = FALSE
	EndGlobalSection
	GlobalSection(NestedProjects) = preSolution
		{DE0231D9-A9BE-4D4C-A830-7ADCF28EA5D6} = {5A0C68F1-6CA7-43D7-8F01-70A484D8D412}
		{65C3A2E0-FDC5-4132-9980-3BAE230E9F2E} = {B5E35C94-0880-4AEB-8F3C-940FECA7A8C7}
		{5CAE9F80-9BD3-480C-8504-552B31B265E0} = {5A0C68F1-6CA7-43D7-8F01-70A484D8D412}
	EndGlobalSection
	GlobalSection(ExtensibilityGlobals) = postSolution
		SolutionGuid = {CF79F565-B676-4679-83A1-DDE5CB729723}
	EndGlobalSection
EndGlobal
