
Microsoft Visual Studio Solution File, Format Version 12.00
# Visual Studio Version 16
VisualStudioVersion = 16.0.30503.244
MinimumVisualStudioVersion = 10.0.40219.1
Project("{9A19103F-16F7-4668-BE54-9A1E7A4F7556}") = "People", "People\People.csproj", "{CA5935EE-ACF4-49D2-A13F-7C6ED75BB9B9}"
EndProject
Global
	GlobalSection(SolutionConfigurationPlatforms) = preSolution
		Debug|Any CPU = Debug|Any CPU
		Release|Any CPU = Release|Any CPU
	EndGlobalSection
	GlobalSection(ProjectConfigurationPlatforms) = postSolution
		{CA5935EE-ACF4-49D2-A13F-7C6ED75BB9B9}.Debug|Any CPU.ActiveCfg = Debug|Any CPU
		{CA5935EE-ACF4-49D2-A13F-7C6ED75BB9B9}.Debug|Any CPU.Build.0 = Debug|Any CPU
		{CA5935EE-ACF4-49D2-A13F-7C6ED75BB9B9}.Release|Any CPU.ActiveCfg = Release|Any CPU
		{CA5935EE-ACF4-49D2-A13F-7C6ED75BB9B9}.Release|Any CPU.Build.0 = Release|Any CPU
	EndGlobalSection
	GlobalSection(SolutionProperties) = preSolution
		HideSolutionNode = FALSE
	EndGlobalSection
	GlobalSection(ExtensibilityGlobals) = postSolution
		SolutionGuid = {C6507FDE-289A-456D-A96F-0A2F26632B50}
	EndGlobalSection
EndGlobal
