
Microsoft Visual Studio Solution File, Format Version 12.00
# Visual Studio Version 16
VisualStudioVersion = 16.0.30503.244
MinimumVisualStudioVersion = 10.0.40219.1
Project("{9A19103F-16F7-4668-BE54-9A1E7A4F7556}") = "People", "People\People.csproj", "{2953084A-341A-432B-9CC2-A6860538BC33}"
EndProject
Global
	GlobalSection(SolutionConfigurationPlatforms) = preSolution
		Debug|Any CPU = Debug|Any CPU
		Release|Any CPU = Release|Any CPU
	EndGlobalSection
	GlobalSection(ProjectConfigurationPlatforms) = postSolution
		{2953084A-341A-432B-9CC2-A6860538BC33}.Debug|Any CPU.ActiveCfg = Debug|Any CPU
		{2953084A-341A-432B-9CC2-A6860538BC33}.Debug|Any CPU.Build.0 = Debug|Any CPU
		{2953084A-341A-432B-9CC2-A6860538BC33}.Release|Any CPU.ActiveCfg = Release|Any CPU
		{2953084A-341A-432B-9CC2-A6860538BC33}.Release|Any CPU.Build.0 = Release|Any CPU
	EndGlobalSection
	GlobalSection(SolutionProperties) = preSolution
		HideSolutionNode = FALSE
	EndGlobalSection
	GlobalSection(ExtensibilityGlobals) = postSolution
		SolutionGuid = {7E2122D9-050F-44A2-9329-0BBBB0212717}
	EndGlobalSection
EndGlobal
