Microsoft Visual Studio Solution File, Format Version 12.00
# Visual Studio Version 16
VisualStudioVersion = 16.0.30503.244
MinimumVisualStudioVersion = 10.0.40219.1
Project("{9A19103F-16F7-4668-BE54-9A1E7A4F7556}") = "whoSkill", "whoSkill\whoSkill.csproj", "{701A064B-7B21-4B0C-8916-F41CD0D2E6B0}"
EndProject
Project("{9A19103F-16F7-4668-BE54-9A1E7A4F7556}") = "Microsoft.Bot.Components.Graph", "..\..\..\packages\Graph\Microsoft.Bot.Components.Graph.csproj", "{D6C573B9-7439-4444-9DB2-E4E2A9F6D126}"
EndProject
Project("{9A19103F-16F7-4668-BE54-9A1E7A4F7556}") = "Microsoft.Bot.Dialogs.Tests.WhoSkill", "..\tests\whoSkill\Microsoft.Bot.Dialogs.Tests.WhoSkill.csproj", "{2C0048D5-3392-4001-9FE0-F4911204934D}"
EndProject
Global
	GlobalSection(SolutionConfigurationPlatforms) = preSolution
		Debug|Any CPU = Debug|Any CPU
		Release|Any CPU = Release|Any CPU
	EndGlobalSection
	GlobalSection(ProjectConfigurationPlatforms) = postSolution
		{701A064B-7B21-4B0C-8916-F41CD0D2E6B0}.Debug|Any CPU.ActiveCfg = Debug|Any CPU
		{701A064B-7B21-4B0C-8916-F41CD0D2E6B0}.Debug|Any CPU.Build.0 = Debug|Any CPU
		{701A064B-7B21-4B0C-8916-F41CD0D2E6B0}.Release|Any CPU.ActiveCfg = Release|Any CPU
		{701A064B-7B21-4B0C-8916-F41CD0D2E6B0}.Release|Any CPU.Build.0 = Release|Any CPU
		{D6C573B9-7439-4444-9DB2-E4E2A9F6D126}.Debug|Any CPU.ActiveCfg = Debug|Any CPU
		{D6C573B9-7439-4444-9DB2-E4E2A9F6D126}.Debug|Any CPU.Build.0 = Debug|Any CPU
		{D6C573B9-7439-4444-9DB2-E4E2A9F6D126}.Release|Any CPU.ActiveCfg = Release|Any CPU
		{D6C573B9-7439-4444-9DB2-E4E2A9F6D126}.Release|Any CPU.Build.0 = Release|Any CPU
		{2C0048D5-3392-4001-9FE0-F4911204934D}.Debug|Any CPU.ActiveCfg = Debug|Any CPU
		{2C0048D5-3392-4001-9FE0-F4911204934D}.Debug|Any CPU.Build.0 = Debug|Any CPU
		{2C0048D5-3392-4001-9FE0-F4911204934D}.Release|Any CPU.ActiveCfg = Release|Any CPU
		{2C0048D5-3392-4001-9FE0-F4911204934D}.Release|Any CPU.Build.0 = Release|Any CPU
	EndGlobalSection
	GlobalSection(SolutionProperties) = preSolution
		HideSolutionNode = FALSE
	EndGlobalSection
	GlobalSection(ExtensibilityGlobals) = postSolution
		SolutionGuid = {05224008-9AF0-40E6-A010-2E48FAE1FE7C}
	EndGlobalSection
EndGlobal
