
Microsoft Visual Studio Solution File, Format Version 12.00
# Visual Studio Version 16
VisualStudioVersion = 16.0.30011.22
MinimumVisualStudioVersion = 10.0.40219.1
Project("{FAE04EC0-301F-11D3-BF4B-00C04F79EFBC}") = "GenericITSMSkill", "GenericITSMSkill\GenericITSMSkill\GenericITSMSkill.csproj", "{967266B2-527B-4649-B69F-E4BE55CEA793}"
EndProject
Project("{FAE04EC0-301F-11D3-BF4B-00C04F79EFBC}") = "GenericITSMSkill.Tests", "GenericITSMSkill\GenericITSMSkill.Tests\GenericITSMSkill.Tests.csproj", "{8BE88F11-76DB-4344-BFE4-96491A06BE89}"
EndProject
Global
	GlobalSection(SolutionConfigurationPlatforms) = preSolution
		Debug|Any CPU = Debug|Any CPU
		Release|Any CPU = Release|Any CPU
	EndGlobalSection
	GlobalSection(ProjectConfigurationPlatforms) = postSolution
		{967266B2-527B-4649-B69F-E4BE55CEA793}.Debug|Any CPU.ActiveCfg = Debug|Any CPU
		{967266B2-527B-4649-B69F-E4BE55CEA793}.Debug|Any CPU.Build.0 = Debug|Any CPU
		{967266B2-527B-4649-B69F-E4BE55CEA793}.Release|Any CPU.ActiveCfg = Release|Any CPU
		{967266B2-527B-4649-B69F-E4BE55CEA793}.Release|Any CPU.Build.0 = Release|Any CPU
		{8BE88F11-76DB-4344-BFE4-96491A06BE89}.Debug|Any CPU.ActiveCfg = Debug|Any CPU
		{8BE88F11-76DB-4344-BFE4-96491A06BE89}.Debug|Any CPU.Build.0 = Debug|Any CPU
		{8BE88F11-76DB-4344-BFE4-96491A06BE89}.Release|Any CPU.ActiveCfg = Release|Any CPU
		{8BE88F11-76DB-4344-BFE4-96491A06BE89}.Release|Any CPU.Build.0 = Release|Any CPU
	EndGlobalSection
	GlobalSection(SolutionProperties) = preSolution
		HideSolutionNode = FALSE
	EndGlobalSection
	GlobalSection(ExtensibilityGlobals) = postSolution
		SolutionGuid = {522196CE-0B0D-40AA-A1AF-A2A6B98DD139}
	EndGlobalSection
EndGlobal
