
Microsoft Visual Studio Solution File, Format Version 12.00
# Visual Studio Version 16
VisualStudioVersion = 16.0.30907.101
MinimumVisualStudioVersion = 10.0.40219.1
Project("{FAE04EC0-301F-11D3-BF4B-00C04F79EFBC}") = "Microsoft.Bot.Components.Calendar", "Calendar\Microsoft.Bot.Components.Calendar.csproj", "{84AEC10B-B272-4884-B434-35052B866D60}"
EndProject
Project("{FAE04EC0-301F-11D3-BF4B-00C04F79EFBC}") = "Microsoft.Bot.Components.Graph", "Graph\Microsoft.Bot.Components.Graph.csproj", "{415A7327-9FA1-4354-8104-5900A8882582}"
EndProject
Project("{FAE04EC0-301F-11D3-BF4B-00C04F79EFBC}") = "Microsoft.Bot.Components.Orchestrator", "Orchestrator\Microsoft.Bot.Components.Orchestrator.csproj", "{96DBF818-1B13-479A-B3D8-8932E4215F76}"
EndProject
Global
	GlobalSection(SolutionConfigurationPlatforms) = preSolution
		Debug|Any CPU = Debug|Any CPU
		Release|Any CPU = Release|Any CPU
	EndGlobalSection
	GlobalSection(ProjectConfigurationPlatforms) = postSolution
		{84AEC10B-B272-4884-B434-35052B866D60}.Debug|Any CPU.ActiveCfg = Debug|Any CPU
		{84AEC10B-B272-4884-B434-35052B866D60}.Debug|Any CPU.Build.0 = Debug|Any CPU
		{84AEC10B-B272-4884-B434-35052B866D60}.Release|Any CPU.ActiveCfg = Release|Any CPU
		{84AEC10B-B272-4884-B434-35052B866D60}.Release|Any CPU.Build.0 = Release|Any CPU
		{415A7327-9FA1-4354-8104-5900A8882582}.Debug|Any CPU.ActiveCfg = Debug|Any CPU
		{415A7327-9FA1-4354-8104-5900A8882582}.Debug|Any CPU.Build.0 = Debug|Any CPU
		{415A7327-9FA1-4354-8104-5900A8882582}.Release|Any CPU.ActiveCfg = Release|Any CPU
		{415A7327-9FA1-4354-8104-5900A8882582}.Release|Any CPU.Build.0 = Release|Any CPU
		{96DBF818-1B13-479A-B3D8-8932E4215F76}.Debug|Any CPU.ActiveCfg = Debug|Any CPU
		{96DBF818-1B13-479A-B3D8-8932E4215F76}.Debug|Any CPU.Build.0 = Debug|Any CPU
		{96DBF818-1B13-479A-B3D8-8932E4215F76}.Release|Any CPU.ActiveCfg = Release|Any CPU
		{96DBF818-1B13-479A-B3D8-8932E4215F76}.Release|Any CPU.Build.0 = Release|Any CPU
	EndGlobalSection
	GlobalSection(SolutionProperties) = preSolution
		HideSolutionNode = FALSE
	EndGlobalSection
	GlobalSection(ExtensibilityGlobals) = postSolution
		SolutionGuid = {5DEA950E-E753-4DB6-BB6B-90D499D94083}
	EndGlobalSection
EndGlobal
