
Microsoft Visual Studio Solution File, Format Version 12.00
# Visual Studio Version 16
VisualStudioVersion = 16.0.30717.126
MinimumVisualStudioVersion = 15.0.26124.0
Project("{9A19103F-16F7-4668-BE54-9A1E7A4F7556}") = "Microsoft.Bot.Dialogs.Tests.CalendarSkill", "calendarSkill\Microsoft.Bot.Dialogs.Tests.CalendarSkill.csproj", "{F73983FB-6FBB-47A7-BB21-F9853C1FDDDC}"
EndProject
Project("{9A19103F-16F7-4668-BE54-9A1E7A4F7556}") = "Microsoft.Bot.Dialogs.Tests.WhoSkill", "whoSkill\Microsoft.Bot.Dialogs.Tests.WhoSkill.csproj", "{D2287D7E-E1B3-41E1-9B8E-BDE71B7B9EA9}"
EndProject
Project("{9A19103F-16F7-4668-BE54-9A1E7A4F7556}") = "Microsoft.Bot.Dialogs.Tests.Common", "common\Microsoft.Bot.Dialogs.Tests.Common.csproj", "{B3F19E26-7FEC-40E3-B845-CBBD00F297EC}"
EndProject
Global
	GlobalSection(SolutionConfigurationPlatforms) = preSolution
		Debug|Any CPU = Debug|Any CPU
		Debug|x64 = Debug|x64
		Debug|x86 = Debug|x86
		Release|Any CPU = Release|Any CPU
		Release|x64 = Release|x64
		Release|x86 = Release|x86
	EndGlobalSection
	GlobalSection(ProjectConfigurationPlatforms) = postSolution
		{F73983FB-6FBB-47A7-BB21-F9853C1FDDDC}.Debug|Any CPU.ActiveCfg = Debug|Any CPU
		{F73983FB-6FBB-47A7-BB21-F9853C1FDDDC}.Debug|Any CPU.Build.0 = Debug|Any CPU
		{F73983FB-6FBB-47A7-BB21-F9853C1FDDDC}.Debug|x64.ActiveCfg = Debug|Any CPU
		{F73983FB-6FBB-47A7-BB21-F9853C1FDDDC}.Debug|x64.Build.0 = Debug|Any CPU
		{F73983FB-6FBB-47A7-BB21-F9853C1FDDDC}.Debug|x86.ActiveCfg = Debug|Any CPU
		{F73983FB-6FBB-47A7-BB21-F9853C1FDDDC}.Debug|x86.Build.0 = Debug|Any CPU
		{F73983FB-6FBB-47A7-BB21-F9853C1FDDDC}.Release|Any CPU.ActiveCfg = Release|Any CPU
		{F73983FB-6FBB-47A7-BB21-F9853C1FDDDC}.Release|Any CPU.Build.0 = Release|Any CPU
		{F73983FB-6FBB-47A7-BB21-F9853C1FDDDC}.Release|x64.ActiveCfg = Release|Any CPU
		{F73983FB-6FBB-47A7-BB21-F9853C1FDDDC}.Release|x64.Build.0 = Release|Any CPU
		{F73983FB-6FBB-47A7-BB21-F9853C1FDDDC}.Release|x86.ActiveCfg = Release|Any CPU
		{F73983FB-6FBB-47A7-BB21-F9853C1FDDDC}.Release|x86.Build.0 = Release|Any CPU
		{D2287D7E-E1B3-41E1-9B8E-BDE71B7B9EA9}.Debug|Any CPU.ActiveCfg = Debug|Any CPU
		{D2287D7E-E1B3-41E1-9B8E-BDE71B7B9EA9}.Debug|Any CPU.Build.0 = Debug|Any CPU
		{D2287D7E-E1B3-41E1-9B8E-BDE71B7B9EA9}.Debug|x64.ActiveCfg = Debug|Any CPU
		{D2287D7E-E1B3-41E1-9B8E-BDE71B7B9EA9}.Debug|x64.Build.0 = Debug|Any CPU
		{D2287D7E-E1B3-41E1-9B8E-BDE71B7B9EA9}.Debug|x86.ActiveCfg = Debug|Any CPU
		{D2287D7E-E1B3-41E1-9B8E-BDE71B7B9EA9}.Debug|x86.Build.0 = Debug|Any CPU
		{D2287D7E-E1B3-41E1-9B8E-BDE71B7B9EA9}.Release|Any CPU.ActiveCfg = Release|Any CPU
		{D2287D7E-E1B3-41E1-9B8E-BDE71B7B9EA9}.Release|Any CPU.Build.0 = Release|Any CPU
		{D2287D7E-E1B3-41E1-9B8E-BDE71B7B9EA9}.Release|x64.ActiveCfg = Release|Any CPU
		{D2287D7E-E1B3-41E1-9B8E-BDE71B7B9EA9}.Release|x64.Build.0 = Release|Any CPU
		{D2287D7E-E1B3-41E1-9B8E-BDE71B7B9EA9}.Release|x86.ActiveCfg = Release|Any CPU
		{D2287D7E-E1B3-41E1-9B8E-BDE71B7B9EA9}.Release|x86.Build.0 = Release|Any CPU
		{B3F19E26-7FEC-40E3-B845-CBBD00F297EC}.Debug|Any CPU.ActiveCfg = Debug|Any CPU
		{B3F19E26-7FEC-40E3-B845-CBBD00F297EC}.Debug|Any CPU.Build.0 = Debug|Any CPU
		{B3F19E26-7FEC-40E3-B845-CBBD00F297EC}.Debug|x64.ActiveCfg = Debug|Any CPU
		{B3F19E26-7FEC-40E3-B845-CBBD00F297EC}.Debug|x64.Build.0 = Debug|Any CPU
		{B3F19E26-7FEC-40E3-B845-CBBD00F297EC}.Debug|x86.ActiveCfg = Debug|Any CPU
		{B3F19E26-7FEC-40E3-B845-CBBD00F297EC}.Debug|x86.Build.0 = Debug|Any CPU
		{B3F19E26-7FEC-40E3-B845-CBBD00F297EC}.Release|Any CPU.ActiveCfg = Release|Any CPU
		{B3F19E26-7FEC-40E3-B845-CBBD00F297EC}.Release|Any CPU.Build.0 = Release|Any CPU
		{B3F19E26-7FEC-40E3-B845-CBBD00F297EC}.Release|x64.ActiveCfg = Release|Any CPU
		{B3F19E26-7FEC-40E3-B845-CBBD00F297EC}.Release|x64.Build.0 = Release|Any CPU
		{B3F19E26-7FEC-40E3-B845-CBBD00F297EC}.Release|x86.ActiveCfg = Release|Any CPU
		{B3F19E26-7FEC-40E3-B845-CBBD00F297EC}.Release|x86.Build.0 = Release|Any CPU
	EndGlobalSection
	GlobalSection(SolutionProperties) = preSolution
		HideSolutionNode = FALSE
	EndGlobalSection
	GlobalSection(ExtensibilityGlobals) = postSolution
		SolutionGuid = {EA52B2E4-287C-48BD-BD44-B7DC9EB88725}
	EndGlobalSection
EndGlobal
